<?xml version="1.0" encoding="utf-8"?>
<Project ToolsVersion="4.0" xmlns="http://schemas.microsoft.com/developer/msbuild/2003">
  <ItemGroup>
    <Filter Include="Source Files">
      <UniqueIdentifier>{4FC737F1-C7A5-4376-A066-2A32D752A2FF}</UniqueIdentifier>
      <Extensions>cpp;c;cc;cxx;def;odl;idl;hpj;bat;asm;asmx</Extensions>
    </Filter>
    <Filter Include="Header Files">
      <UniqueIdentifier>{93995380-89BD-4b04-88EB-625FBE52EBFB}</UniqueIdentifier>
      <Extensions>h;hpp;hxx;hm;inl;inc;xsd</Extensions>
    </Filter>
    <Filter Include="Resource Files">
      <UniqueIdentifier>{67DA6AB6-F800-4c08-8B7A-83BB121AAD01}</UniqueIdentifier>
      <Extensions>rc;ico;cur;bmp;dlg;rc2;rct;bin;rgs;gif;jpg;jpeg;jpe;resx;tiff;tif;png;wav;mfcribbon-ms</Extensions>
    </Filter>
    <Filter Include="Shaders">
      <UniqueIdentifier>{97a960c2-53ca-4b49-9913-e44371c8c57a}</UniqueIdentifier>
    </Filter>
    <Filter Include="Particles">
      <UniqueIdentifier>{595921e8-3f84-44f1-a8f6-77c1f88ab3a9}</UniqueIdentifier>
    </Filter>
    <Filter Include="EffectsManager">
      <UniqueIdentifier>{531f53b0-0d7b-456b-b38b-84b273883989}</UniqueIdentifier>
    </Filter>
    <Filter Include="Menu">
      <UniqueIdentifier>{37ea2e0d-df63-4083-bbf8-a6760a1f67be}</UniqueIdentifier>
    </Filter>
    <Filter Include="Render">
      <UniqueIdentifier>{6407eb5f-e1b7-45f5-b684-779b58298da0}</UniqueIdentifier>
    </Filter>
    <Filter Include="Render\Buffers">
      <UniqueIdentifier>{56aa5bc4-f31f-41c3-9bae-c0b376efedc7}</UniqueIdentifier>
    </Filter>
    <Filter Include="Render\Textures">
      <UniqueIdentifier>{0fb85510-b700-4df2-8373-0296de38e12a}</UniqueIdentifier>
    </Filter>
    <Filter Include="Render\Text">
      <UniqueIdentifier>{f1d08080-6684-45e5-b239-f26afd1b65e4}</UniqueIdentifier>
    </Filter>
    <Filter Include="Render\3DModel">
      <UniqueIdentifier>{a8f2e859-67b0-4241-8224-695e9cdd23e7}</UniqueIdentifier>
    </Filter>
    <Filter Include="Render\Materials">
      <UniqueIdentifier>{7b69c3d6-6385-478a-a380-84cef673b0b8}</UniqueIdentifier>
    </Filter>
    <Filter Include="Render\Terrain">
      <UniqueIdentifier>{0f10ac86-4228-4129-9138-5df13658a9a6}</UniqueIdentifier>
    </Filter>
    <Filter Include="Render\CubeMap">
      <UniqueIdentifier>{79e1fe07-068f-4838-93a4-c291b9f6e02b}</UniqueIdentifier>
    </Filter>
  </ItemGroup>
  <ItemGroup>
    <ClInclude Include="stdafx.h">
      <Filter>Header Files</Filter>
    </ClInclude>
    <ClInclude Include="targetver.h">
      <Filter>Header Files</Filter>
    </ClInclude>
    <ClInclude Include="Resource.h">
      <Filter>Header Files</Filter>
    </ClInclude>
    <ClInclude Include="RCube.h">
      <Filter>Header Files</Filter>
    </ClInclude>
    <ClInclude Include="EngineKernel.h">
      <Filter>Header Files</Filter>
    </ClInclude>
    <ClInclude Include="InputClass.h">
      <Filter>Header Files</Filter>
    </ClInclude>
    <ClInclude Include="GraphicsClass.h">
      <Filter>Header Files</Filter>
    </ClInclude>
    <ClInclude Include="CameraClass.h">
      <Filter>Header Files</Filter>
    </ClInclude>
    <ClInclude Include="CpuClass.h">
      <Filter>Header Files</Filter>
    </ClInclude>
    <ClInclude Include="TimerClass.h">
      <Filter>Header Files</Filter>
    </ClInclude>
    <ClInclude Include="SoundClass.h">
      <Filter>Header Files</Filter>
    </ClInclude>
    <ClInclude Include="FrustumClass.h">
      <Filter>Header Files</Filter>
    </ClInclude>
    <ClInclude Include="DxInputStruct.h">
      <Filter>Header Files</Filter>
    </ClInclude>
    <ClInclude Include="FPSTimers.h">
      <Filter>Header Files</Filter>
    </ClInclude>
    <ClInclude Include="KFPicking.h">
      <Filter>Header Files</Filter>
    </ClInclude>
    <ClInclude Include="NetworkClass.h">
      <Filter>Header Files</Filter>
    </ClInclude>
    <ClInclude Include="RCubeProfiling.h">
      <Filter>Header Files</Filter>
    </ClInclude>
    <ClInclude Include="ClusterShadingFragmentFactory.h">
      <Filter>Header Files</Filter>
    </ClInclude>
    <ClInclude Include="LightGrid.h">
      <Filter>Header Files</Filter>
    </ClInclude>
    <ClInclude Include="RCubeNetwork.h">
      <Filter>Header Files</Filter>
    </ClInclude>
    <ClInclude Include="Emiters.h">
      <Filter>Particles</Filter>
    </ClInclude>
    <ClInclude Include="EffectsManager.h">
      <Filter>EffectsManager</Filter>
    </ClInclude>
    <ClInclude Include="BillBord.h">
      <Filter>Header Files</Filter>
    </ClInclude>
    <ClInclude Include="IndexesArray.h">
      <Filter>Header Files</Filter>
    </ClInclude>
    <ClInclude Include="TorchFireParticles.h">
      <Filter>Particles</Filter>
    </ClInclude>
    <ClInclude Include="KF2DTextureAnimation.h">
      <Filter>Menu</Filter>
    </ClInclude>
    <ClInclude Include="KFButton.h">
      <Filter>Menu</Filter>
    </ClInclude>
    <ClInclude Include="ScrollBarClass.h">
      <Filter>Menu</Filter>
    </ClInclude>
    <ClInclude Include="MenuControler.h">
      <Filter>Menu</Filter>
    </ClInclude>
    <ClInclude Include="D3dClass.h">
      <Filter>Render</Filter>
    </ClInclude>
    <ClInclude Include="D3DGlobalContext.h">
      <Filter>Render</Filter>
    </ClInclude>
    <ClInclude Include="StringsListClass.h">
      <Filter>Menu</Filter>
    </ClInclude>
    <ClInclude Include="..\DirectXTex-master\DDSTextureLoader\DDSTextureLoader.h">
      <Filter>Header Files</Filter>
    </ClInclude>
    <ClInclude Include="..\DirectXTex-master\WICTextureLoader\WICTextureLoader.h">
      <Filter>Header Files</Filter>
    </ClInclude>
    <ClInclude Include="Material.h">
      <Filter>Render\Materials</Filter>
    </ClInclude>
    <ClInclude Include="Light_def.h">
      <Filter>Render</Filter>
    </ClInclude>
    <ClInclude Include="Buffers_def.h">
      <Filter>Render\Buffers</Filter>
    </ClInclude>
    <ClInclude Include="DX11Buffers.h">
      <Filter>Render\Buffers</Filter>
    </ClInclude>
    <ClInclude Include="ResourceManager.h">
      <Filter>Render</Filter>
    </ClInclude>
    <ClInclude Include="FlatObjectClass.h">
      <Filter>Menu</Filter>
    </ClInclude>
    <ClInclude Include="Menu.h">
      <Filter>Menu</Filter>
    </ClInclude>
    <ClInclude Include="RenderClass.h">
      <Filter>Render</Filter>
    </ClInclude>
    <ClInclude Include="Texture.h">
      <Filter>Render\Textures</Filter>
    </ClInclude>
    <ClInclude Include="Text_def.h">
      <Filter>Render\Text</Filter>
    </ClInclude>
    <ClInclude Include="FontClass.h">
      <Filter>Render\Text</Filter>
    </ClInclude>
    <ClInclude Include="3DModel.h">
      <Filter>Render\3DModel</Filter>
    </ClInclude>
    <ClInclude Include="BoundingBox.h">
      <Filter>Render\3DModel</Filter>
    </ClInclude>
    <ClInclude Include="Mesh_Data.h">
      <Filter>Render\3DModel</Filter>
    </ClInclude>
    <ClInclude Include="Terrain.h">
      <Filter>Render\Terrain</Filter>
    </ClInclude>
    <ClInclude Include="CubeMap.h">
      <Filter>Render\CubeMap</Filter>
    </ClInclude>
    <ClInclude Include="TerrainCluster.h">
      <Filter>Render\Terrain</Filter>
    </ClInclude>
    <ClInclude Include="Terrain_def.h">
      <Filter>Render\Terrain</Filter>
    </ClInclude>
    <ClInclude Include="DX11_Render.h">
      <Filter>Render</Filter>
    </ClInclude>
    <ClInclude Include="ParticleSystem.h">
      <Filter>Particles</Filter>
    </ClInclude>
    <ClInclude Include="PhysXControler.h">
      <Filter>Header Files</Filter>
    </ClInclude>
    <ClInclude Include="ParticleSystem_def.h">
      <Filter>Particles</Filter>
    </ClInclude>
    <ClInclude Include="ParticleSystemController.h">
      <Filter>Particles</Filter>
    </ClInclude>
    <ClInclude Include="ColorPickerClass.h">
      <Filter>Menu</Filter>
    </ClInclude>
  </ItemGroup>
  <ItemGroup>
    <ClCompile Include="stdafx.cpp">
      <Filter>Source Files</Filter>
    </ClCompile>
    <ClCompile Include="RCube.cpp">
      <Filter>Source Files</Filter>
    </ClCompile>
    <ClCompile Include="EngineKernel.cpp">
      <Filter>Source Files</Filter>
    </ClCompile>
    <ClCompile Include="InputClass.cpp">
      <Filter>Source Files</Filter>
    </ClCompile>
    <ClCompile Include="GraphicsClass.cpp">
      <Filter>Source Files</Filter>
    </ClCompile>
    <ClCompile Include="CameraClass.cpp">
      <Filter>Source Files</Filter>
    </ClCompile>
    <ClCompile Include="CpuClass.cpp">
      <Filter>Source Files</Filter>
    </ClCompile>
    <ClCompile Include="TimerClass.cpp">
      <Filter>Source Files</Filter>
    </ClCompile>
    <ClCompile Include="SoundClass.cpp">
      <Filter>Source Files</Filter>
    </ClCompile>
    <ClCompile Include="FrustumClass.cpp">
      <Filter>Source Files</Filter>
    </ClCompile>
    <ClCompile Include="KFPicking.cpp">
      <Filter>Source Files</Filter>
    </ClCompile>
    <ClCompile Include="NetworkClass.cpp">
      <Filter>Source Files</Filter>
    </ClCompile>
    <ClCompile Include="RCubeProfiling.cpp">
      <Filter>Source Files</Filter>
    </ClCompile>
    <ClCompile Include="ClusterShadingFragmentFactory.cpp">
      <Filter>Source Files</Filter>
    </ClCompile>
    <ClCompile Include="LightGrid.cpp">
      <Filter>Source Files</Filter>
    </ClCompile>
    <ClCompile Include="RCubeNetwork.cpp">
      <Filter>Source Files</Filter>
    </ClCompile>
    <ClCompile Include="Emiters.cpp">
      <Filter>Particles</Filter>
    </ClCompile>
    <ClCompile Include="EffectsManager.cpp">
      <Filter>EffectsManager</Filter>
    </ClCompile>
    <ClCompile Include="IndexesArray.cpp">
      <Filter>Source Files</Filter>
    </ClCompile>
    <ClCompile Include="TorchFireParticles.cpp">
      <Filter>Particles</Filter>
    </ClCompile>
    <ClCompile Include="KFButton.cpp">
      <Filter>Menu</Filter>
    </ClCompile>
    <ClCompile Include="MenuControler.cpp">
      <Filter>Menu</Filter>
    </ClCompile>
    <ClCompile Include="ScrollBarClass.cpp">
      <Filter>Menu</Filter>
    </ClCompile>
    <ClCompile Include="KF2DTextureAnimation.cpp">
      <Filter>Menu</Filter>
    </ClCompile>
    <ClCompile Include="StringsListClass.cpp">
      <Filter>Menu</Filter>
    </ClCompile>
    <ClCompile Include="..\DirectXTex-master\WICTextureLoader\WICTextureLoader.cpp">
      <Filter>Source Files</Filter>
    </ClCompile>
    <ClCompile Include="..\DirectXTex-master\DDSTextureLoader\DDSTextureLoader.cpp">
      <Filter>Source Files</Filter>
    </ClCompile>
    <ClCompile Include="Material.cpp">
      <Filter>Render\Materials</Filter>
    </ClCompile>
    <ClCompile Include="D3dClass.cpp">
      <Filter>Render</Filter>
    </ClCompile>
    <ClCompile Include="ResourceManager.cpp">
      <Filter>Render</Filter>
    </ClCompile>
    <ClCompile Include="FlatObjectClass.cpp">
      <Filter>Menu</Filter>
    </ClCompile>
    <ClCompile Include="Menu.cpp">
      <Filter>Menu</Filter>
    </ClCompile>
    <ClCompile Include="RenderClass.cpp">
      <Filter>Render</Filter>
    </ClCompile>
    <ClCompile Include="Texture.cpp">
      <Filter>Render\Textures</Filter>
    </ClCompile>
    <ClCompile Include="FontClass.cpp">
      <Filter>Render\Text</Filter>
    </ClCompile>
    <ClCompile Include="3DModel.cpp">
      <Filter>Render\3DModel</Filter>
    </ClCompile>
    <ClCompile Include="BoundingBox.cpp">
      <Filter>Render\3DModel</Filter>
    </ClCompile>
    <ClCompile Include="Mesh_Data.cpp">
      <Filter>Render\3DModel</Filter>
    </ClCompile>
    <ClCompile Include="Terrain.cpp">
      <Filter>Render\Terrain</Filter>
    </ClCompile>
    <ClCompile Include="CubeMap.cpp">
      <Filter>Render\CubeMap</Filter>
    </ClCompile>
    <ClCompile Include="TerrainCluster.cpp">
      <Filter>Render\Terrain</Filter>
    </ClCompile>
    <ClCompile Include="ParticleSystem.cpp">
      <Filter>Particles</Filter>
    </ClCompile>
    <ClCompile Include="PhysXControler.cpp">
      <Filter>Source Files</Filter>
    </ClCompile>
    <ClCompile Include="ParticleSystemController.cpp">
      <Filter>Particles</Filter>
    </ClCompile>
    <ClCompile Include="ColorPickerClass.cpp">
      <Filter>Menu</Filter>
    </ClCompile>
  </ItemGroup>
  <ItemGroup>
    <ResourceCompile Include="RCube.rc">
      <Filter>Resource Files</Filter>
    </ResourceCompile>
  </ItemGroup>
  <ItemGroup>
    <Image Include="small.ico">
      <Filter>Resource Files</Filter>
    </Image>
    <Image Include="RCube.ico">
      <Filter>Resource Files</Filter>
    </Image>
  </ItemGroup>
  <ItemGroup>
    <FxCompile Include="Shaders\particle_ps.hlsl">
      <Filter>Shaders</Filter>
    </FxCompile>
    <FxCompile Include="Shaders\particle_vs.hlsl">
      <Filter>Shaders</Filter>
    </FxCompile>
    <FxCompile Include="Shaders\CubeMap_ps.hlsl">
      <Filter>Shaders</Filter>
    </FxCompile>
    <FxCompile Include="Shaders\CubeMap_vs.hlsl">
      <Filter>Shaders</Filter>
    </FxCompile>
    <FxCompile Include="Shaders\Font_vs.hlsl">
      <Filter>Shaders</Filter>
    </FxCompile>
    <FxCompile Include="Shaders\Font_ps.hlsl">
      <Filter>Shaders</Filter>
    </FxCompile>
    <FxCompile Include="Shaders\KF2DObj_vs.hlsl">
      <Filter>Shaders</Filter>
    </FxCompile>
    <FxCompile Include="Shaders\KF2DObj_ps.hlsl">
      <Filter>Shaders</Filter>
    </FxCompile>
    <FxCompile Include="Shaders\FXAA_vs.hlsl">
      <Filter>Shaders</Filter>
    </FxCompile>
    <FxCompile Include="Shaders\FXAA_ps.hlsl">
      <Filter>Shaders</Filter>
    </FxCompile>
    <FxCompile Include="Shaders\ClusteredSM_vs.hlsl">
      <Filter>Shaders</Filter>
    </FxCompile>
    <FxCompile Include="Shaders\ClusteredSM_ps.hlsl">
      <Filter>Shaders</Filter>
    </FxCompile>
    <FxCompile Include="Shaders\LightRenderSM_vs.hlsl">
      <Filter>Shaders</Filter>
    </FxCompile>
    <FxCompile Include="Shaders\LightRenderSM_ps.hlsl">
      <Filter>Shaders</Filter>
    </FxCompile>
    <FxCompile Include="Shaders\FireAnimation_vs.hlsl">
      <Filter>Shaders</Filter>
    </FxCompile>
    <FxCompile Include="Shaders\FireAnimation_ps.hlsl">
      <Filter>Shaders</Filter>
    </FxCompile>
    <FxCompile Include="Shaders\TorchFire3D_vs.hlsl">
      <Filter>Shaders</Filter>
    </FxCompile>
    <FxCompile Include="Shaders\TorchFire3D_ps.hlsl">
      <Filter>Shaders</Filter>
    </FxCompile>
    <FxCompile Include="Shaders\Horiz_cs.hlsl">
      <Filter>Shaders</Filter>
    </FxCompile>
    <FxCompile Include="Shaders\Vert_cs.hlsl">
      <Filter>Shaders</Filter>
    </FxCompile>
    <FxCompile Include="Shaders\ParticleAnimated_ps.hlsl">
      <Filter>Shaders</Filter>
    </FxCompile>
    <FxCompile Include="Shaders\ParticleAnimated_vs.hlsl">
      <Filter>Shaders</Filter>
    </FxCompile>
  </ItemGroup>
  <ItemGroup>
    <Text Include="ReadMe.txt" />
    <Text Include="TODO.txt" />
  </ItemGroup>
</Project>